// !$*UTF8*$!
{
	archiveVersion = 1;
	classes = {
	};
	objectVersion = 46;
	objects = {

/* Begin PBXBuildFile section */
		2401EEAD17CC0A1800C58BE5 /* UIKit.framework in Frameworks */ = {isa = PBXBuildFile; fileRef = 2401EEAC17CC0A1800C58BE5 /* UIKit.framework */; };
		2401EEAF17CC0A1800C58BE5 /* Foundation.framework in Frameworks */ = {isa = PBXBuildFile; fileRef = 2401EEAE17CC0A1800C58BE5 /* Foundation.framework */; };
		2401EEB117CC0A1800C58BE5 /* CoreGraphics.framework in Frameworks */ = {isa = PBXBuildFile; fileRef = 2401EEB017CC0A1800C58BE5 /* CoreGraphics.framework */; };
		2401EEB717CC0A1800C58BE5 /* InfoPlist.strings in Resources */ = {isa = PBXBuildFile; fileRef = 2401EEB517CC0A1800C58BE5 /* InfoPlist.strings */; };
		2401EEB917CC0A1800C58BE5 /* main.m in Sources */ = {isa = PBXBuildFile; fileRef = 2401EEB817CC0A1800C58BE5 /* main.m */; };
		2401EEBD17CC0A1800C58BE5 /* AppDelegate.m in Sources */ = {isa = PBXBuildFile; fileRef = 2401EEBC17CC0A1800C58BE5 /* AppDelegate.m */; };
		2401EEC617CC0A1800C58BE5 /* MainStoryboard.storyboard in Resources */ = {isa = PBXBuildFile; fileRef = 2401EEC417CC0A1800C58BE5 /* MainStoryboard.storyboard */; };
		2401EEC917CC0A1800C58BE5 /* ViewController.m in Sources */ = {isa = PBXBuildFile; fileRef = 2401EEC817CC0A1800C58BE5 /* ViewController.m */; };
		2401EED017CC0A3D00C58BE5 /* Parse.framework in Frameworks */ = {isa = PBXBuildFile; fileRef = 2401EECF17CC0A3D00C58BE5 /* Parse.framework */; };
		2401EED217CC0B6D00C58BE5 /* AudioToolbox.framework in Frameworks */ = {isa = PBXBuildFile; fileRef = 2401EED117CC0B6D00C58BE5 /* AudioToolbox.framework */; };
		2401EED417CC0B7E00C58BE5 /* CFNetwork.framework in Frameworks */ = {isa = PBXBuildFile; fileRef = 2401EED317CC0B7E00C58BE5 /* CFNetwork.framework */; };
		2406875117D1A63F0028F8EA /* LogInViewController.m in Sources */ = {isa = PBXBuildFile; fileRef = 2406875017D1A63F0028F8EA /* LogInViewController.m */; };
		24089C0E17CFAEE200FA9598 /* Default-568h@2x.png in Resources */ = {isa = PBXBuildFile; fileRef = 24089C0B17CFAEE200FA9598 /* Default-568h@2x.png */; };
		24089C0F17CFAEE200FA9598 /* Default.png in Resources */ = {isa = PBXBuildFile; fileRef = 24089C0C17CFAEE200FA9598 /* Default.png */; };
		24089C1017CFAEE200FA9598 /* Default@2x.png in Resources */ = {isa = PBXBuildFile; fileRef = 24089C0D17CFAEE200FA9598 /* Default@2x.png */; };
		244AFC9B17CE50D200273EF6 /* ScheduleViewController.m in Sources */ = {isa = PBXBuildFile; fileRef = 244AFC9A17CE50D200273EF6 /* ScheduleViewController.m */; };
		244AFC9E17CE50E600273EF6 /* ScheduleCell.m in Sources */ = {isa = PBXBuildFile; fileRef = 244AFC9D17CE50E600273EF6 /* ScheduleCell.m */; };
		24725FE317CD4204007DB005 /* team_info.plist in Resources */ = {isa = PBXBuildFile; fileRef = 24CB8D3F17CD205C00F49A31 /* team_info.plist */; };
		24725FE617CD448F007DB005 /* default_picture_left.png in Resources */ = {isa = PBXBuildFile; fileRef = 24725FE417CD448F007DB005 /* default_picture_left.png */; };
		24725FE717CD448F007DB005 /* default_picture_right.png in Resources */ = {isa = PBXBuildFile; fileRef = 24725FE517CD448F007DB005 /* default_picture_right.png */; };
		24725FEA17CD4EAD007DB005 /* SWRevealViewController.m in Sources */ = {isa = PBXBuildFile; fileRef = 24725FE917CD4EAD007DB005 /* SWRevealViewController.m */; };
		24813A0417CDACEA00DAD46F /* MainViewController.m in Sources */ = {isa = PBXBuildFile; fileRef = 24813A0317CDACEA00DAD46F /* MainViewController.m */; };
		24813A0F17CDAEE500DAD46F /* menu_icon.png in Resources */ = {isa = PBXBuildFile; fileRef = 24813A0D17CDAEE500DAD46F /* menu_icon.png */; };
		24813A1017CDAEE500DAD46F /* menu_icon@2x.png in Resources */ = {isa = PBXBuildFile; fileRef = 24813A0E17CDAEE500DAD46F /* menu_icon@2x.png */; };
		24813A1317CDB39000DAD46F /* lock_icon.png in Resources */ = {isa = PBXBuildFile; fileRef = 24813A1117CDB39000DAD46F /* lock_icon.png */; };
		24813A1417CDB39000DAD46F /* lock_icon@2x.png in Resources */ = {isa = PBXBuildFile; fileRef = 24813A1217CDB39000DAD46F /* lock_icon@2x.png */; };
		24813A1717CDB46300DAD46F /* clipboard_icon.png in Resources */ = {isa = PBXBuildFile; fileRef = 24813A1517CDB46300DAD46F /* clipboard_icon.png */; };
		24813A1817CDB46300DAD46F /* clipboard_icon@2x.png in Resources */ = {isa = PBXBuildFile; fileRef = 24813A1617CDB46300DAD46F /* clipboard_icon@2x.png */; };
		24813A1F17CDB68D00DAD46F /* polaroid_icon.png in Resources */ = {isa = PBXBuildFile; fileRef = 24813A1D17CDB68D00DAD46F /* polaroid_icon.png */; };
		24813A2017CDB68D00DAD46F /* polaroid_icon@2x.png in Resources */ = {isa = PBXBuildFile; fileRef = 24813A1E17CDB68D00DAD46F /* polaroid_icon@2x.png */; };
		24813A2317CDB69800DAD46F /* gear_icon.png in Resources */ = {isa = PBXBuildFile; fileRef = 24813A2117CDB69800DAD46F /* gear_icon.png */; };
		24813A2417CDB69800DAD46F /* gear_icon@2x.png in Resources */ = {isa = PBXBuildFile; fileRef = 24813A2217CDB69800DAD46F /* gear_icon@2x.png */; };
		24813A2C17CDB94D00DAD46F /* SidebarViewController.m in Sources */ = {isa = PBXBuildFile; fileRef = 24813A2B17CDB94D00DAD46F /* SidebarViewController.m */; };
		248ED15017CEE67800CAE0C9 /* freshmen_roster_icon.png in Resources */ = {isa = PBXBuildFile; fileRef = 248ED14617CEE67800CAE0C9 /* freshmen_roster_icon.png */; };
		248ED15117CEE67800CAE0C9 /* freshmen_roster_icon@2x.png in Resources */ = {isa = PBXBuildFile; fileRef = 248ED14717CEE67800CAE0C9 /* freshmen_roster_icon@2x.png */; };
		248ED15217CEE67800CAE0C9 /* freshmen_schedule_icon.png in Resources */ = {isa = PBXBuildFile; fileRef = 248ED14817CEE67800CAE0C9 /* freshmen_schedule_icon.png */; };
		248ED15317CEE67800CAE0C9 /* freshmen_schedule_icon@2x.png in Resources */ = {isa = PBXBuildFile; fileRef = 248ED14917CEE67800CAE0C9 /* freshmen_schedule_icon@2x.png */; };
		248ED15417CEE67800CAE0C9 /* jv_schedule_icon.png in Resources */ = {isa = PBXBuildFile; fileRef = 248ED14A17CEE67800CAE0C9 /* jv_schedule_icon.png */; };
		248ED15517CEE67800CAE0C9 /* jv_schedule_icon@2x.png in Resources */ = {isa = PBXBuildFile; fileRef = 248ED14B17CEE67800CAE0C9 /* jv_schedule_icon@2x.png */; };
		248ED15617CEE67800CAE0C9 /* varsity_roster_icon.png in Resources */ = {isa = PBXBuildFile; fileRef = 248ED14C17CEE67800CAE0C9 /* varsity_roster_icon.png */; };
		248ED15717CEE67800CAE0C9 /* varsity_roster_icon@2x.png in Resources */ = {isa = PBXBuildFile; fileRef = 248ED14D17CEE67800CAE0C9 /* varsity_roster_icon@2x.png */; };
		248ED15817CEE67800CAE0C9 /* varsity_schedule_icon.png in Resources */ = {isa = PBXBuildFile; fileRef = 248ED14E17CEE67800CAE0C9 /* varsity_schedule_icon.png */; };
		248ED15917CEE67800CAE0C9 /* varsity_schedule_icon@2x.png in Resources */ = {isa = PBXBuildFile; fileRef = 248ED14F17CEE67800CAE0C9 /* varsity_schedule_icon@2x.png */; };
		248ED15C17CEE89F00CAE0C9 /* SideBarCell.m in Sources */ = {isa = PBXBuildFile; fileRef = 248ED15B17CEE89F00CAE0C9 /* SideBarCell.m */; };
		24B4913B17CC0BBC007E85CE /* CoreLocation.framework in Frameworks */ = {isa = PBXBuildFile; fileRef = 24B4913A17CC0BBC007E85CE /* CoreLocation.framework */; };
		24B4913D17CC0BC6007E85CE /* libz.1.1.3.dylib in Frameworks */ = {isa = PBXBuildFile; fileRef = 24B4913C17CC0BC6007E85CE /* libz.1.1.3.dylib */; };
		24B4913F17CC0BD2007E85CE /* MobileCoreServices.framework in Frameworks */ = {isa = PBXBuildFile; fileRef = 24B4913E17CC0BD2007E85CE /* MobileCoreServices.framework */; };
		24B4914117CC0BD9007E85CE /* QuartzCore.framework in Frameworks */ = {isa = PBXBuildFile; fileRef = 24B4914017CC0BD9007E85CE /* QuartzCore.framework */; };
		24B4914317CC0BE1007E85CE /* Security.framework in Frameworks */ = {isa = PBXBuildFile; fileRef = 24B4914217CC0BE1007E85CE /* Security.framework */; };
		24B4914517CC0BE8007E85CE /* StoreKit.framework in Frameworks */ = {isa = PBXBuildFile; fileRef = 24B4914417CC0BE8007E85CE /* StoreKit.framework */; };
		24B4914717CC0BF2007E85CE /* SystemConfiguration.framework in Frameworks */ = {isa = PBXBuildFile; fileRef = 24B4914617CC0BF2007E85CE /* SystemConfiguration.framework */; };
		24B4915317CC7965007E85CE /* JerseyLetters.ttf in Resources */ = {isa = PBXBuildFile; fileRef = 24B4915017CC7965007E85CE /* JerseyLetters.ttf */; };
		24B4915417CC7965007E85CE /* Roboto-Light.ttf in Resources */ = {isa = PBXBuildFile; fileRef = 24B4915117CC7965007E85CE /* Roboto-Light.ttf */; };
		24B4915517CC7965007E85CE /* Roboto-Medium.ttf in Resources */ = {isa = PBXBuildFile; fileRef = 24B4915217CC7965007E85CE /* Roboto-Medium.ttf */; };
		24B4919F17CC798E007E85CE /* app_icon_7@2x.png in Resources */ = {isa = PBXBuildFile; fileRef = 24B4915817CC798E007E85CE /* app_icon_7@2x.png */; };
		24B491A017CC798E007E85CE /* icon.png in Resources */ = {isa = PBXBuildFile; fileRef = 24B4915917CC798E007E85CE /* icon.png */; };
		24B491A117CC798E007E85CE /* icon@2x.png in Resources */ = {isa = PBXBuildFile; fileRef = 24B4915A17CC798E007E85CE /* icon@2x.png */; };
		24B491A217CC798E007E85CE /* icon_spotlight.png in Resources */ = {isa = PBXBuildFile; fileRef = 24B4915B17CC798E007E85CE /* icon_spotlight.png */; };
		24B491A317CC798E007E85CE /* icon_spotlight@2x.png in Resources */ = {isa = PBXBuildFile; fileRef = 24B4915C17CC798E007E85CE /* icon_spotlight@2x.png */; };
		24B491A417CC798E007E85CE /* icon_spotlight_7@2x.png in Resources */ = {isa = PBXBuildFile; fileRef = 24B4915D17CC798E007E85CE /* icon_spotlight_7@2x.png */; };
		24B491BB17CC798E007E85CE /* away_icon.png in Resources */ = {isa = PBXBuildFile; fileRef = 24B4917917CC798E007E85CE /* away_icon.png */; };
		24B491BC17CC798E007E85CE /* away_icon@2x.png in Resources */ = {isa = PBXBuildFile; fileRef = 24B4917A17CC798E007E85CE /* away_icon@2x.png */; };
		24B491BD17CC798E007E85CE /* blank_icon.png in Resources */ = {isa = PBXBuildFile; fileRef = 24B4917B17CC798E007E85CE /* blank_icon.png */; };
		24B491BE17CC798E007E85CE /* bug_icon.png in Resources */ = {isa = PBXBuildFile; fileRef = 24B4917C17CC798E007E85CE /* bug_icon.png */; };
		24B491BF17CC798E007E85CE /* bug_icon@2x.png in Resources */ = {isa = PBXBuildFile; fileRef = 24B4917D17CC798E007E85CE /* bug_icon@2x.png */; };
		24B491C017CC798E007E85CE /* bullhorn_icon.png in Resources */ = {isa = PBXBuildFile; fileRef = 24B4917E17CC798E007E85CE /* bullhorn_icon.png */; };
		24B491C117CC798E007E85CE /* bullhorn_icon@2x.png in Resources */ = {isa = PBXBuildFile; fileRef = 24B4917F17CC798E007E85CE /* bullhorn_icon@2x.png */; };
		24B491C217CC798E007E85CE /* calendar_icon.png in Resources */ = {isa = PBXBuildFile; fileRef = 24B4918017CC798E007E85CE /* calendar_icon.png */; };
		24B491C317CC798E007E85CE /* calendar_icon@2x.png in Resources */ = {isa = PBXBuildFile; fileRef = 24B4918117CC798E007E85CE /* calendar_icon@2x.png */; };
		24B491C417CC798E007E85CE /* captain_icon.png in Resources */ = {isa = PBXBuildFile; fileRef = 24B4918217CC798E007E85CE /* captain_icon.png */; };
		24B491C517CC798E007E85CE /* clock_icon.png in Resources */ = {isa = PBXBuildFile; fileRef = 24B4918317CC798E007E85CE /* clock_icon.png */; };
		24B491C617CC798E007E85CE /* clock_icon@2x.png in Resources */ = {isa = PBXBuildFile; fileRef = 24B4918417CC798E007E85CE /* clock_icon@2x.png */; };
		24B491C717CC798E007E85CE /* compass_icon.png in Resources */ = {isa = PBXBuildFile; fileRef = 24B4918517CC798E007E85CE /* compass_icon.png */; };
		24B491C817CC798E007E85CE /* compass_icon@2x.png in Resources */ = {isa = PBXBuildFile; fileRef = 24B4918617CC798E007E85CE /* compass_icon@2x.png */; };
		24B491C917CC798E007E85CE /* envelope_icon.png in Resources */ = {isa = PBXBuildFile; fileRef = 24B4918717CC798E007E85CE /* envelope_icon.png */; };
		24B491CA17CC798E007E85CE /* envelope_icon@2x.png in Resources */ = {isa = PBXBuildFile; fileRef = 24B4918817CC798E007E85CE /* envelope_icon@2x.png */; };
		24B491CB17CC798E007E85CE /* home_icon.png in Resources */ = {isa = PBXBuildFile; fileRef = 24B4918917CC798E007E85CE /* home_icon.png */; };
		24B491CC17CC798E007E85CE /* home_icon@2x.png in Resources */ = {isa = PBXBuildFile; fileRef = 24B4918A17CC798E007E85CE /* home_icon@2x.png */; };
		24B491CD17CC798E007E85CE /* letterWinner_icon.png in Resources */ = {isa = PBXBuildFile; fileRef = 24B4918B17CC798E007E85CE /* letterWinner_icon.png */; };
		24B491CE17CC798E007E85CE /* map_icon.png in Resources */ = {isa = PBXBuildFile; fileRef = 24B4918C17CC798E007E85CE /* map_icon.png */; };
		24B491CF17CC798E007E85CE /* map_icon@2x.png in Resources */ = {isa = PBXBuildFile; fileRef = 24B4918D17CC798E007E85CE /* map_icon@2x.png */; };
		24B491D017CC798E007E85CE /* signpost_icon.png in Resources */ = {isa = PBXBuildFile; fileRef = 24B4918E17CC798E007E85CE /* signpost_icon.png */; };
		24B491D117CC798E007E85CE /* signpost_icon@2x.png in Resources */ = {isa = PBXBuildFile; fileRef = 24B4918F17CC798E007E85CE /* signpost_icon@2x.png */; };
		24B491D417CC798E007E85CE /* twitter_icon.png in Resources */ = {isa = PBXBuildFile; fileRef = 24B4919217CC798E007E85CE /* twitter_icon.png */; };
		24B491D517CC798E007E85CE /* twitter_icon@2x.png in Resources */ = {isa = PBXBuildFile; fileRef = 24B4919317CC798E007E85CE /* twitter_icon@2x.png */; };
		24B491D617CC798E007E85CE /* scoreNumbers_0.png in Resources */ = {isa = PBXBuildFile; fileRef = 24B4919517CC798E007E85CE /* scoreNumbers_0.png */; };
		24B491D717CC798E007E85CE /* scoreNumbers_1.png in Resources */ = {isa = PBXBuildFile; fileRef = 24B4919617CC798E007E85CE /* scoreNumbers_1.png */; };
		24B491D817CC798E007E85CE /* scoreNumbers_2.png in Resources */ = {isa = PBXBuildFile; fileRef = 24B4919717CC798E007E85CE /* scoreNumbers_2.png */; };
		24B491D917CC798E007E85CE /* scoreNumbers_3.png in Resources */ = {isa = PBXBuildFile; fileRef = 24B4919817CC798E007E85CE /* scoreNumbers_3.png */; };
		24B491DA17CC798E007E85CE /* scoreNumbers_4.png in Resources */ = {isa = PBXBuildFile; fileRef = 24B4919917CC798E007E85CE /* scoreNumbers_4.png */; };
		24B491DB17CC798E007E85CE /* scoreNumbers_5.png in Resources */ = {isa = PBXBuildFile; fileRef = 24B4919A17CC798E007E85CE /* scoreNumbers_5.png */; };
		24B491DC17CC798E007E85CE /* scoreNumbers_6.png in Resources */ = {isa = PBXBuildFile; fileRef = 24B4919B17CC798E007E85CE /* scoreNumbers_6.png */; };
		24B491DD17CC798E007E85CE /* scoreNumbers_7.png in Resources */ = {isa = PBXBuildFile; fileRef = 24B4919C17CC798E007E85CE /* scoreNumbers_7.png */; };
		24B491DE17CC798E007E85CE /* scoreNumbers_8.png in Resources */ = {isa = PBXBuildFile; fileRef = 24B4919D17CC798E007E85CE /* scoreNumbers_8.png */; };
		24B491DF17CC798E007E85CE /* scoreNumbers_9.png in Resources */ = {isa = PBXBuildFile; fileRef = 24B4919E17CC798E007E85CE /* scoreNumbers_9.png */; };
		24B491E217CC7BA7007E85CE /* RosterViewController.m in Sources */ = {isa = PBXBuildFile; fileRef = 24B491E117CC7BA7007E85CE /* RosterViewController.m */; };
		24B491E517CC7BC6007E85CE /* RosterCell.m in Sources */ = {isa = PBXBuildFile; fileRef = 24B491E417CC7BC6007E85CE /* RosterCell.m */; };
		24D5DF5F17D26EA900E58793 /* grey_wash_wall.png in Resources */ = {isa = PBXBuildFile; fileRef = 24D5DF5B17D26EA900E58793 /* grey_wash_wall.png */; };
		24D5DF6017D26EA900E58793 /* grey_wash_wall_@2X.png in Resources */ = {isa = PBXBuildFile; fileRef = 24D5DF5C17D26EA900E58793 /* grey_wash_wall_@2X.png */; };
		24D5DF6817D280D300E58793 /* win_icon.png in Resources */ = {isa = PBXBuildFile; fileRef = 24D5DF6717D280D300E58793 /* win_icon.png */; };
		24E3909117D28AC600F671D2 /* binding_dark.png in Resources */ = {isa = PBXBuildFile; fileRef = 24E3908F17D28AC600F671D2 /* binding_dark.png */; };
		24E3909217D28AC600F671D2 /* binding_dark@2x.png in Resources */ = {isa = PBXBuildFile; fileRef = 24E3909017D28AC600F671D2 /* binding_dark@2x.png */; };
/* End PBXBuildFile section */

/* Begin PBXFileReference section */
		2401EEA917CC0A1800C58BE5 /* OHSFootball.app */ = {isa = PBXFileReference; explicitFileType = wrapper.application; includeInIndex = 0; path = OHSFootball.app; sourceTree = BUILT_PRODUCTS_DIR; };
		2401EEAC17CC0A1800C58BE5 /* UIKit.framework */ = {isa = PBXFileReference; lastKnownFileType = wrapper.framework; name = UIKit.framework; path = System/Library/Frameworks/UIKit.framework; sourceTree = SDKROOT; };
		2401EEAE17CC0A1800C58BE5 /* Foundation.framework */ = {isa = PBXFileReference; lastKnownFileType = wrapper.framework; name = Foundation.framework; path = System/Library/Frameworks/Foundation.framework; sourceTree = SDKROOT; };
		2401EEB017CC0A1800C58BE5 /* CoreGraphics.framework */ = {isa = PBXFileReference; lastKnownFileType = wrapper.framework; name = CoreGraphics.framework; path = System/Library/Frameworks/CoreGraphics.framework; sourceTree = SDKROOT; };
		2401EEB417CC0A1800C58BE5 /* OHSFootball-Info.plist */ = {isa = PBXFileReference; lastKnownFileType = text.plist.xml; path = "OHSFootball-Info.plist"; sourceTree = "<group>"; };
		2401EEB617CC0A1800C58BE5 /* en */ = {isa = PBXFileReference; lastKnownFileType = text.plist.strings; name = en; path = en.lproj/InfoPlist.strings; sourceTree = "<group>"; };
		2401EEB817CC0A1800C58BE5 /* main.m */ = {isa = PBXFileReference; lastKnownFileType = sourcecode.c.objc; path = main.m; sourceTree = "<group>"; };
		2401EEBA17CC0A1800C58BE5 /* OHSFootball-Prefix.pch */ = {isa = PBXFileReference; lastKnownFileType = sourcecode.c.h; path = "OHSFootball-Prefix.pch"; sourceTree = "<group>"; };
		2401EEBB17CC0A1800C58BE5 /* AppDelegate.h */ = {isa = PBXFileReference; lastKnownFileType = sourcecode.c.h; path = AppDelegate.h; sourceTree = "<group>"; };
		2401EEBC17CC0A1800C58BE5 /* AppDelegate.m */ = {isa = PBXFileReference; lastKnownFileType = sourcecode.c.objc; path = AppDelegate.m; sourceTree = "<group>"; };
		2401EEC517CC0A1800C58BE5 /* en */ = {isa = PBXFileReference; lastKnownFileType = file.storyboard; name = en; path = en.lproj/MainStoryboard.storyboard; sourceTree = "<group>"; };
		2401EEC717CC0A1800C58BE5 /* ViewController.h */ = {isa = PBXFileReference; lastKnownFileType = sourcecode.c.h; path = ViewController.h; sourceTree = "<group>"; };
		2401EEC817CC0A1800C58BE5 /* ViewController.m */ = {isa = PBXFileReference; lastKnownFileType = sourcecode.c.objc; path = ViewController.m; sourceTree = "<group>"; };
		2401EECF17CC0A3D00C58BE5 /* Parse.framework */ = {isa = PBXFileReference; lastKnownFileType = wrapper.framework; path = Parse.framework; sourceTree = "<group>"; };
		2401EED117CC0B6D00C58BE5 /* AudioToolbox.framework */ = {isa = PBXFileReference; lastKnownFileType = wrapper.framework; name = AudioToolbox.framework; path = System/Library/Frameworks/AudioToolbox.framework; sourceTree = SDKROOT; };
		2401EED317CC0B7E00C58BE5 /* CFNetwork.framework */ = {isa = PBXFileReference; lastKnownFileType = wrapper.framework; name = CFNetwork.framework; path = System/Library/Frameworks/CFNetwork.framework; sourceTree = SDKROOT; };
		2406874F17D1A63F0028F8EA /* LogInViewController.h */ = {isa = PBXFileReference; fileEncoding = 4; lastKnownFileType = sourcecode.c.h; path = LogInViewController.h; sourceTree = "<group>"; };
		2406875017D1A63F0028F8EA /* LogInViewController.m */ = {isa = PBXFileReference; fileEncoding = 4; lastKnownFileType = sourcecode.c.objc; path = LogInViewController.m; sourceTree = "<group>"; };
		24089C0B17CFAEE200FA9598 /* Default-568h@2x.png */ = {isa = PBXFileReference; lastKnownFileType = image.png; path = "Default-568h@2x.png"; sourceTree = "<group>"; };
		24089C0C17CFAEE200FA9598 /* Default.png */ = {isa = PBXFileReference; lastKnownFileType = image.png; path = Default.png; sourceTree = "<group>"; };
		24089C0D17CFAEE200FA9598 /* Default@2x.png */ = {isa = PBXFileReference; lastKnownFileType = image.png; path = "Default@2x.png"; sourceTree = "<group>"; };
		244AFC9917CE50D200273EF6 /* ScheduleViewController.h */ = {isa = PBXFileReference; fileEncoding = 4; lastKnownFileType = sourcecode.c.h; path = ScheduleViewController.h; sourceTree = "<group>"; };
		244AFC9A17CE50D200273EF6 /* ScheduleViewController.m */ = {isa = PBXFileReference; fileEncoding = 4; lastKnownFileType = sourcecode.c.objc; path = ScheduleViewController.m; sourceTree = "<group>"; };
		244AFC9C17CE50E600273EF6 /* ScheduleCell.h */ = {isa = PBXFileReference; fileEncoding = 4; lastKnownFileType = sourcecode.c.h; path = ScheduleCell.h; sourceTree = "<group>"; };
		244AFC9D17CE50E600273EF6 /* ScheduleCell.m */ = {isa = PBXFileReference; fileEncoding = 4; lastKnownFileType = sourcecode.c.objc; path = ScheduleCell.m; sourceTree = "<group>"; };
		24725FE417CD448F007DB005 /* default_picture_left.png */ = {isa = PBXFileReference; lastKnownFileType = image.png; path = default_picture_left.png; sourceTree = "<group>"; };
		24725FE517CD448F007DB005 /* default_picture_right.png */ = {isa = PBXFileReference; lastKnownFileType = image.png; path = default_picture_right.png; sourceTree = "<group>"; };
		24725FE817CD4EAD007DB005 /* SWRevealViewController.h */ = {isa = PBXFileReference; fileEncoding = 4; lastKnownFileType = sourcecode.c.h; path = SWRevealViewController.h; sourceTree = "<group>"; };
		24725FE917CD4EAD007DB005 /* SWRevealViewController.m */ = {isa = PBXFileReference; fileEncoding = 4; lastKnownFileType = sourcecode.c.objc; path = SWRevealViewController.m; sourceTree = "<group>"; };
		24813A0217CDACEA00DAD46F /* MainViewController.h */ = {isa = PBXFileReference; fileEncoding = 4; lastKnownFileType = sourcecode.c.h; path = MainViewController.h; sourceTree = "<group>"; };
		24813A0317CDACEA00DAD46F /* MainViewController.m */ = {isa = PBXFileReference; fileEncoding = 4; lastKnownFileType = sourcecode.c.objc; path = MainViewController.m; sourceTree = "<group>"; };
		24813A0D17CDAEE500DAD46F /* menu_icon.png */ = {isa = PBXFileReference; lastKnownFileType = image.png; path = menu_icon.png; sourceTree = "<group>"; };
		24813A0E17CDAEE500DAD46F /* menu_icon@2x.png */ = {isa = PBXFileReference; lastKnownFileType = image.png; path = "menu_icon@2x.png"; sourceTree = "<group>"; };
		24813A1117CDB39000DAD46F /* lock_icon.png */ = {isa = PBXFileReference; lastKnownFileType = image.png; path = lock_icon.png; sourceTree = "<group>"; };
		24813A1217CDB39000DAD46F /* lock_icon@2x.png */ = {isa = PBXFileReference; lastKnownFileType = image.png; path = "lock_icon@2x.png"; sourceTree = "<group>"; };
		24813A1517CDB46300DAD46F /* clipboard_icon.png */ = {isa = PBXFileReference; lastKnownFileType = image.png; path = clipboard_icon.png; sourceTree = "<group>"; };
		24813A1617CDB46300DAD46F /* clipboard_icon@2x.png */ = {isa = PBXFileReference; lastKnownFileType = image.png; path = "clipboard_icon@2x.png"; sourceTree = "<group>"; };
		24813A1D17CDB68D00DAD46F /* polaroid_icon.png */ = {isa = PBXFileReference; lastKnownFileType = image.png; path = polaroid_icon.png; sourceTree = "<group>"; };
		24813A1E17CDB68D00DAD46F /* polaroid_icon@2x.png */ = {isa = PBXFileReference; lastKnownFileType = image.png; path = "polaroid_icon@2x.png"; sourceTree = "<group>"; };
		24813A2117CDB69800DAD46F /* gear_icon.png */ = {isa = PBXFileReference; lastKnownFileType = image.png; path = gear_icon.png; sourceTree = "<group>"; };
		24813A2217CDB69800DAD46F /* gear_icon@2x.png */ = {isa = PBXFileReference; lastKnownFileType = image.png; path = "gear_icon@2x.png"; sourceTree = "<group>"; };
		24813A2A17CDB94D00DAD46F /* SidebarViewController.h */ = {isa = PBXFileReference; fileEncoding = 4; lastKnownFileType = sourcecode.c.h; path = SidebarViewController.h; sourceTree = "<group>"; };
		24813A2B17CDB94D00DAD46F /* SidebarViewController.m */ = {isa = PBXFileReference; fileEncoding = 4; lastKnownFileType = sourcecode.c.objc; path = SidebarViewController.m; sourceTree = "<group>"; };
		248ED14617CEE67800CAE0C9 /* freshmen_roster_icon.png */ = {isa = PBXFileReference; lastKnownFileType = image.png; path = freshmen_roster_icon.png; sourceTree = "<group>"; };
		248ED14717CEE67800CAE0C9 /* freshmen_roster_icon@2x.png */ = {isa = PBXFileReference; lastKnownFileType = image.png; path = "freshmen_roster_icon@2x.png"; sourceTree = "<group>"; };
		248ED14817CEE67800CAE0C9 /* freshmen_schedule_icon.png */ = {isa = PBXFileReference; lastKnownFileType = image.png; path = freshmen_schedule_icon.png; sourceTree = "<group>"; };
		248ED14917CEE67800CAE0C9 /* freshmen_schedule_icon@2x.png */ = {isa = PBXFileReference; lastKnownFileType = image.png; path = "freshmen_schedule_icon@2x.png"; sourceTree = "<group>"; };
		248ED14A17CEE67800CAE0C9 /* jv_schedule_icon.png */ = {isa = PBXFileReference; lastKnownFileType = image.png; path = jv_schedule_icon.png; sourceTree = "<group>"; };
		248ED14B17CEE67800CAE0C9 /* jv_schedule_icon@2x.png */ = {isa = PBXFileReference; lastKnownFileType = image.png; path = "jv_schedule_icon@2x.png"; sourceTree = "<group>"; };
		248ED14C17CEE67800CAE0C9 /* varsity_roster_icon.png */ = {isa = PBXFileReference; lastKnownFileType = image.png; path = varsity_roster_icon.png; sourceTree = "<group>"; };
		248ED14D17CEE67800CAE0C9 /* varsity_roster_icon@2x.png */ = {isa = PBXFileReference; lastKnownFileType = image.png; path = "varsity_roster_icon@2x.png"; sourceTree = "<group>"; };
		248ED14E17CEE67800CAE0C9 /* varsity_schedule_icon.png */ = {isa = PBXFileReference; lastKnownFileType = image.png; path = varsity_schedule_icon.png; sourceTree = "<group>"; };
		248ED14F17CEE67800CAE0C9 /* varsity_schedule_icon@2x.png */ = {isa = PBXFileReference; lastKnownFileType = image.png; path = "varsity_schedule_icon@2x.png"; sourceTree = "<group>"; };
		248ED15A17CEE89F00CAE0C9 /* SideBarCell.h */ = {isa = PBXFileReference; fileEncoding = 4; lastKnownFileType = sourcecode.c.h; path = SideBarCell.h; sourceTree = "<group>"; };
		248ED15B17CEE89F00CAE0C9 /* SideBarCell.m */ = {isa = PBXFileReference; fileEncoding = 4; lastKnownFileType = sourcecode.c.objc; path = SideBarCell.m; sourceTree = "<group>"; };
		24B4913A17CC0BBC007E85CE /* CoreLocation.framework */ = {isa = PBXFileReference; lastKnownFileType = wrapper.framework; name = CoreLocation.framework; path = System/Library/Frameworks/CoreLocation.framework; sourceTree = SDKROOT; };
		24B4913C17CC0BC6007E85CE /* libz.1.1.3.dylib */ = {isa = PBXFileReference; lastKnownFileType = "compiled.mach-o.dylib"; name = libz.1.1.3.dylib; path = usr/lib/libz.1.1.3.dylib; sourceTree = SDKROOT; };
		24B4913E17CC0BD2007E85CE /* MobileCoreServices.framework */ = {isa = PBXFileReference; lastKnownFileType = wrapper.framework; name = MobileCoreServices.framework; path = System/Library/Frameworks/MobileCoreServices.framework; sourceTree = SDKROOT; };
		24B4914017CC0BD9007E85CE /* QuartzCore.framework */ = {isa = PBXFileReference; lastKnownFileType = wrapper.framework; name = QuartzCore.framework; path = System/Library/Frameworks/QuartzCore.framework; sourceTree = SDKROOT; };
		24B4914217CC0BE1007E85CE /* Security.framework */ = {isa = PBXFileReference; lastKnownFileType = wrapper.framework; name = Security.framework; path = System/Library/Frameworks/Security.framework; sourceTree = SDKROOT; };
		24B4914417CC0BE8007E85CE /* StoreKit.framework */ = {isa = PBXFileReference; lastKnownFileType = wrapper.framework; name = StoreKit.framework; path = System/Library/Frameworks/StoreKit.framework; sourceTree = SDKROOT; };
		24B4914617CC0BF2007E85CE /* SystemConfiguration.framework */ = {isa = PBXFileReference; lastKnownFileType = wrapper.framework; name = SystemConfiguration.framework; path = System/Library/Frameworks/SystemConfiguration.framework; sourceTree = SDKROOT; };
		24B4915017CC7965007E85CE /* JerseyLetters.ttf */ = {isa = PBXFileReference; lastKnownFileType = file; path = JerseyLetters.ttf; sourceTree = "<group>"; };
		24B4915117CC7965007E85CE /* Roboto-Light.ttf */ = {isa = PBXFileReference; lastKnownFileType = file; path = "Roboto-Light.ttf"; sourceTree = "<group>"; };
		24B4915217CC7965007E85CE /* Roboto-Medium.ttf */ = {isa = PBXFileReference; lastKnownFileType = file; path = "Roboto-Medium.ttf"; sourceTree = "<group>"; };
		24B4915817CC798E007E85CE /* app_icon_7@2x.png */ = {isa = PBXFileReference; lastKnownFileType = image.png; path = "app_icon_7@2x.png"; sourceTree = "<group>"; };
		24B4915917CC798E007E85CE /* icon.png */ = {isa = PBXFileReference; lastKnownFileType = image.png; path = icon.png; sourceTree = "<group>"; };
		24B4915A17CC798E007E85CE /* icon@2x.png */ = {isa = PBXFileReference; lastKnownFileType = image.png; path = "icon@2x.png"; sourceTree = "<group>"; };
		24B4915B17CC798E007E85CE /* icon_spotlight.png */ = {isa = PBXFileReference; lastKnownFileType = image.png; path = icon_spotlight.png; sourceTree = "<group>"; };
		24B4915C17CC798E007E85CE /* icon_spotlight@2x.png */ = {isa = PBXFileReference; lastKnownFileType = image.png; path = "icon_spotlight@2x.png"; sourceTree = "<group>"; };
		24B4915D17CC798E007E85CE /* icon_spotlight_7@2x.png */ = {isa = PBXFileReference; lastKnownFileType = image.png; path = "icon_spotlight_7@2x.png"; sourceTree = "<group>"; };
		24B4917917CC798E007E85CE /* away_icon.png */ = {isa = PBXFileReference; lastKnownFileType = image.png; path = away_icon.png; sourceTree = "<group>"; };
		24B4917A17CC798E007E85CE /* away_icon@2x.png */ = {isa = PBXFileReference; lastKnownFileType = image.png; path = "away_icon@2x.png"; sourceTree = "<group>"; };
		24B4917B17CC798E007E85CE /* blank_icon.png */ = {isa = PBXFileReference; lastKnownFileType = image.png; path = blank_icon.png; sourceTree = "<group>"; };
		24B4917C17CC798E007E85CE /* bug_icon.png */ = {isa = PBXFileReference; lastKnownFileType = image.png; path = bug_icon.png; sourceTree = "<group>"; };
		24B4917D17CC798E007E85CE /* bug_icon@2x.png */ = {isa = PBXFileReference; lastKnownFileType = image.png; path = "bug_icon@2x.png"; sourceTree = "<group>"; };
		24B4917E17CC798E007E85CE /* bullhorn_icon.png */ = {isa = PBXFileReference; lastKnownFileType = image.png; path = bullhorn_icon.png; sourceTree = "<group>"; };
		24B4917F17CC798E007E85CE /* bullhorn_icon@2x.png */ = {isa = PBXFileReference; lastKnownFileType = image.png; path = "bullhorn_icon@2x.png"; sourceTree = "<group>"; };
		24B4918017CC798E007E85CE /* calendar_icon.png */ = {isa = PBXFileReference; lastKnownFileType = image.png; path = calendar_icon.png; sourceTree = "<group>"; };
		24B4918117CC798E007E85CE /* calendar_icon@2x.png */ = {isa = PBXFileReference; lastKnownFileType = image.png; path = "calendar_icon@2x.png"; sourceTree = "<group>"; };
		24B4918217CC798E007E85CE /* captain_icon.png */ = {isa = PBXFileReference; lastKnownFileType = image.png; path = captain_icon.png; sourceTree = "<group>"; };
		24B4918317CC798E007E85CE /* clock_icon.png */ = {isa = PBXFileReference; lastKnownFileType = image.png; path = clock_icon.png; sourceTree = "<group>"; };
		24B4918417CC798E007E85CE /* clock_icon@2x.png */ = {isa = PBXFileReference; lastKnownFileType = image.png; path = "clock_icon@2x.png"; sourceTree = "<group>"; };
		24B4918517CC798E007E85CE /* compass_icon.png */ = {isa = PBXFileReference; lastKnownFileType = image.png; path = compass_icon.png; sourceTree = "<group>"; };
		24B4918617CC798E007E85CE /* compass_icon@2x.png */ = {isa = PBXFileReference; lastKnownFileType = image.png; path = "compass_icon@2x.png"; sourceTree = "<group>"; };
		24B4918717CC798E007E85CE /* envelope_icon.png */ = {isa = PBXFileReference; lastKnownFileType = image.png; path = envelope_icon.png; sourceTree = "<group>"; };
		24B4918817CC798E007E85CE /* envelope_icon@2x.png */ = {isa = PBXFileReference; lastKnownFileType = image.png; path = "envelope_icon@2x.png"; sourceTree = "<group>"; };
		24B4918917CC798E007E85CE /* home_icon.png */ = {isa = PBXFileReference; lastKnownFileType = image.png; path = home_icon.png; sourceTree = "<group>"; };
		24B4918A17CC798E007E85CE /* home_icon@2x.png */ = {isa = PBXFileReference; lastKnownFileType = image.png; path = "home_icon@2x.png"; sourceTree = "<group>"; };
		24B4918B17CC798E007E85CE /* letterWinner_icon.png */ = {isa = PBXFileReference; lastKnownFileType = image.png; path = letterWinner_icon.png; sourceTree = "<group>"; };
		24B4918C17CC798E007E85CE /* map_icon.png */ = {isa = PBXFileReference; lastKnownFileType = image.png; path = map_icon.png; sourceTree = "<group>"; };
		24B4918D17CC798E007E85CE /* map_icon@2x.png */ = {isa = PBXFileReference; lastKnownFileType = image.png; path = "map_icon@2x.png"; sourceTree = "<group>"; };
		24B4918E17CC798E007E85CE /* signpost_icon.png */ = {isa = PBXFileReference; lastKnownFileType = image.png; path = signpost_icon.png; sourceTree = "<group>"; };
		24B4918F17CC798E007E85CE /* signpost_icon@2x.png */ = {isa = PBXFileReference; lastKnownFileType = image.png; path = "signpost_icon@2x.png"; sourceTree = "<group>"; };
		24B4919217CC798E007E85CE /* twitter_icon.png */ = {isa = PBXFileReference; lastKnownFileType = image.png; path = twitter_icon.png; sourceTree = "<group>"; };
		24B4919317CC798E007E85CE /* twitter_icon@2x.png */ = {isa = PBXFileReference; lastKnownFileType = image.png; path = "twitter_icon@2x.png"; sourceTree = "<group>"; };
		24B4919517CC798E007E85CE /* scoreNumbers_0.png */ = {isa = PBXFileReference; lastKnownFileType = image.png; path = scoreNumbers_0.png; sourceTree = "<group>"; };
		24B4919617CC798E007E85CE /* scoreNumbers_1.png */ = {isa = PBXFileReference; lastKnownFileType = image.png; path = scoreNumbers_1.png; sourceTree = "<group>"; };
		24B4919717CC798E007E85CE /* scoreNumbers_2.png */ = {isa = PBXFileReference; lastKnownFileType = image.png; path = scoreNumbers_2.png; sourceTree = "<group>"; };
		24B4919817CC798E007E85CE /* scoreNumbers_3.png */ = {isa = PBXFileReference; lastKnownFileType = image.png; path = scoreNumbers_3.png; sourceTree = "<group>"; };
		24B4919917CC798E007E85CE /* scoreNumbers_4.png */ = {isa = PBXFileReference; lastKnownFileType = image.png; path = scoreNumbers_4.png; sourceTree = "<group>"; };
		24B4919A17CC798E007E85CE /* scoreNumbers_5.png */ = {isa = PBXFileReference; lastKnownFileType = image.png; path = scoreNumbers_5.png; sourceTree = "<group>"; };
		24B4919B17CC798E007E85CE /* scoreNumbers_6.png */ = {isa = PBXFileReference; lastKnownFileType = image.png; path = scoreNumbers_6.png; sourceTree = "<group>"; };
		24B4919C17CC798E007E85CE /* scoreNumbers_7.png */ = {isa = PBXFileReference; lastKnownFileType = image.png; path = scoreNumbers_7.png; sourceTree = "<group>"; };
		24B4919D17CC798E007E85CE /* scoreNumbers_8.png */ = {isa = PBXFileReference; lastKnownFileType = image.png; path = scoreNumbers_8.png; sourceTree = "<group>"; };
		24B4919E17CC798E007E85CE /* scoreNumbers_9.png */ = {isa = PBXFileReference; lastKnownFileType = image.png; path = scoreNumbers_9.png; sourceTree = "<group>"; };
		24B491E017CC7BA7007E85CE /* RosterViewController.h */ = {isa = PBXFileReference; fileEncoding = 4; lastKnownFileType = sourcecode.c.h; path = RosterViewController.h; sourceTree = "<group>"; };
		24B491E117CC7BA7007E85CE /* RosterViewController.m */ = {isa = PBXFileReference; fileEncoding = 4; lastKnownFileType = sourcecode.c.objc; path = RosterViewController.m; sourceTree = "<group>"; };
		24B491E317CC7BC6007E85CE /* RosterCell.h */ = {isa = PBXFileReference; fileEncoding = 4; lastKnownFileType = sourcecode.c.h; path = RosterCell.h; sourceTree = "<group>"; };
		24B491E417CC7BC6007E85CE /* RosterCell.m */ = {isa = PBXFileReference; fileEncoding = 4; lastKnownFileType = sourcecode.c.objc; path = RosterCell.m; sourceTree = "<group>"; };
		24CB8D3F17CD205C00F49A31 /* team_info.plist */ = {isa = PBXFileReference; lastKnownFileType = text.plist.xml; path = team_info.plist; sourceTree = "<group>"; };
		24D5DF5B17D26EA900E58793 /* grey_wash_wall.png */ = {isa = PBXFileReference; lastKnownFileType = image.png; path = grey_wash_wall.png; sourceTree = "<group>"; };
		24D5DF5C17D26EA900E58793 /* grey_wash_wall_@2X.png */ = {isa = PBXFileReference; lastKnownFileType = image.png; path = "grey_wash_wall_@2X.png"; sourceTree = "<group>"; };
		24D5DF6717D280D300E58793 /* win_icon.png */ = {isa = PBXFileReference; lastKnownFileType = image.png; path = win_icon.png; sourceTree = "<group>"; };
		24E3908F17D28AC600F671D2 /* binding_dark.png */ = {isa = PBXFileReference; lastKnownFileType = image.png; path = binding_dark.png; sourceTree = "<group>"; };
		24E3909017D28AC600F671D2 /* binding_dark@2x.png */ = {isa = PBXFileReference; lastKnownFileType = image.png; path = "binding_dark@2x.png"; sourceTree = "<group>"; };
/* End PBXFileReference section */

/* Begin PBXFrameworksBuildPhase section */
		2401EEA617CC0A1800C58BE5 /* Frameworks */ = {
			isa = PBXFrameworksBuildPhase;
			buildActionMask = 2147483647;
			files = (
				24B4914717CC0BF2007E85CE /* SystemConfiguration.framework in Frameworks */,
				24B4914517CC0BE8007E85CE /* StoreKit.framework in Frameworks */,
				24B4914317CC0BE1007E85CE /* Security.framework in Frameworks */,
				24B4914117CC0BD9007E85CE /* QuartzCore.framework in Frameworks */,
				24B4913F17CC0BD2007E85CE /* MobileCoreServices.framework in Frameworks */,
				24B4913D17CC0BC6007E85CE /* libz.1.1.3.dylib in Frameworks */,
				24B4913B17CC0BBC007E85CE /* CoreLocation.framework in Frameworks */,
				2401EED417CC0B7E00C58BE5 /* CFNetwork.framework in Frameworks */,
				2401EED217CC0B6D00C58BE5 /* AudioToolbox.framework in Frameworks */,
				2401EEAD17CC0A1800C58BE5 /* UIKit.framework in Frameworks */,
				2401EEAF17CC0A1800C58BE5 /* Foundation.framework in Frameworks */,
				2401EEB117CC0A1800C58BE5 /* CoreGraphics.framework in Frameworks */,
				2401EED017CC0A3D00C58BE5 /* Parse.framework in Frameworks */,
			);
			runOnlyForDeploymentPostprocessing = 0;
		};
/* End PBXFrameworksBuildPhase section */

/* Begin PBXGroup section */
		2401EEA017CC0A1800C58BE5 = {
			isa = PBXGroup;
			children = (
				2401EEB217CC0A1800C58BE5 /* OHSFootball */,
				2401EEAB17CC0A1800C58BE5 /* Frameworks */,
				2401EEAA17CC0A1800C58BE5 /* Products */,
			);
			sourceTree = "<group>";
		};
		2401EEAA17CC0A1800C58BE5 /* Products */ = {
			isa = PBXGroup;
			children = (
				2401EEA917CC0A1800C58BE5 /* OHSFootball.app */,
			);
			name = Products;
			sourceTree = "<group>";
		};
		2401EEAB17CC0A1800C58BE5 /* Frameworks */ = {
			isa = PBXGroup;
			children = (
				2401EED317CC0B7E00C58BE5 /* CFNetwork.framework */,
				2401EED117CC0B6D00C58BE5 /* AudioToolbox.framework */,
				24B4914617CC0BF2007E85CE /* SystemConfiguration.framework */,
				24B4914417CC0BE8007E85CE /* StoreKit.framework */,
				24B4914217CC0BE1007E85CE /* Security.framework */,
				24B4914017CC0BD9007E85CE /* QuartzCore.framework */,
				24B4913E17CC0BD2007E85CE /* MobileCoreServices.framework */,
				24B4913C17CC0BC6007E85CE /* libz.1.1.3.dylib */,
				24B4913A17CC0BBC007E85CE /* CoreLocation.framework */,
				2401EECF17CC0A3D00C58BE5 /* Parse.framework */,
				2401EEAC17CC0A1800C58BE5 /* UIKit.framework */,
				2401EEAE17CC0A1800C58BE5 /* Foundation.framework */,
				2401EEB017CC0A1800C58BE5 /* CoreGraphics.framework */,
			);
			name = Frameworks;
			sourceTree = "<group>";
		};
		2401EEB217CC0A1800C58BE5 /* OHSFootball */ = {
			isa = PBXGroup;
			children = (
				2401EEBB17CC0A1800C58BE5 /* AppDelegate.h */,
				2401EEBC17CC0A1800C58BE5 /* AppDelegate.m */,
				2401EEC417CC0A1800C58BE5 /* MainStoryboard.storyboard */,
				244AFC9817CE4E9E00273EF6 /* View Controllers */,
				24725FEB17CD4EB4007DB005 /* Library */,
				2401EEB317CC0A1800C58BE5 /* Supporting Files */,
			);
			path = OHSFootball;
			sourceTree = "<group>";
		};
		2401EEB317CC0A1800C58BE5 /* Supporting Files */ = {
			isa = PBXGroup;
			children = (
				24B4915617CC798E007E85CE /* Images */,
				24B4914F17CC7965007E85CE /* Fonts */,
				24CB8D3F17CD205C00F49A31 /* team_info.plist */,
				2401EEB417CC0A1800C58BE5 /* OHSFootball-Info.plist */,
				2401EEB517CC0A1800C58BE5 /* InfoPlist.strings */,
				2401EEB817CC0A1800C58BE5 /* main.m */,
				2401EEBA17CC0A1800C58BE5 /* OHSFootball-Prefix.pch */,
			);
			name = "Supporting Files";
			sourceTree = "<group>";
		};
		24089C0A17CFAEE200FA9598 /* Launch Images */ = {
			isa = PBXGroup;
			children = (
				24089C0B17CFAEE200FA9598 /* Default-568h@2x.png */,
				24089C0C17CFAEE200FA9598 /* Default.png */,
				24089C0D17CFAEE200FA9598 /* Default@2x.png */,
			);
			path = "Launch Images";
			sourceTree = "<group>";
		};
		244AFC9817CE4E9E00273EF6 /* View Controllers */ = {
			isa = PBXGroup;
			children = (
				244AFC9F17CE50EC00273EF6 /* Schedules */,
				24B4914E17CC14C1007E85CE /* Rosters */,
				248ED15D17CEE90E00CAE0C9 /* SideBar Controller */,
				24813A0217CDACEA00DAD46F /* MainViewController.h */,
				24813A0317CDACEA00DAD46F /* MainViewController.m */,
				2406874F17D1A63F0028F8EA /* LogInViewController.h */,
				2406875017D1A63F0028F8EA /* LogInViewController.m */,
				2401EEC717CC0A1800C58BE5 /* ViewController.h */,
				2401EEC817CC0A1800C58BE5 /* ViewController.m */,
			);
			name = "View Controllers";
			sourceTree = "<group>";
		};
		244AFC9F17CE50EC00273EF6 /* Schedules */ = {
			isa = PBXGroup;
			children = (
				244AFC9C17CE50E600273EF6 /* ScheduleCell.h */,
				244AFC9D17CE50E600273EF6 /* ScheduleCell.m */,
				244AFC9917CE50D200273EF6 /* ScheduleViewController.h */,
				244AFC9A17CE50D200273EF6 /* ScheduleViewController.m */,
			);
			name = Schedules;
			sourceTree = "<group>";
		};
		24725FEB17CD4EB4007DB005 /* Library */ = {
			isa = PBXGroup;
			children = (
				24725FE817CD4EAD007DB005 /* SWRevealViewController.h */,
				24725FE917CD4EAD007DB005 /* SWRevealViewController.m */,
			);
			name = Library;
			sourceTree = "<group>";
		};
		248ED15D17CEE90E00CAE0C9 /* SideBar Controller */ = {
			isa = PBXGroup;
			children = (
				248ED15A17CEE89F00CAE0C9 /* SideBarCell.h */,
				248ED15B17CEE89F00CAE0C9 /* SideBarCell.m */,
				24813A2A17CDB94D00DAD46F /* SidebarViewController.h */,
				24813A2B17CDB94D00DAD46F /* SidebarViewController.m */,
			);
			name = "SideBar Controller";
			sourceTree = "<group>";
		};
		24B4914E17CC14C1007E85CE /* Rosters */ = {
			isa = PBXGroup;
			children = (
				24B491E317CC7BC6007E85CE /* RosterCell.h */,
				24B491E417CC7BC6007E85CE /* RosterCell.m */,
				24B491E017CC7BA7007E85CE /* RosterViewController.h */,
				24B491E117CC7BA7007E85CE /* RosterViewController.m */,
			);
			name = Rosters;
			sourceTree = "<group>";
		};
		24B4914F17CC7965007E85CE /* Fonts */ = {
			isa = PBXGroup;
			children = (
				24B4915017CC7965007E85CE /* JerseyLetters.ttf */,
				24B4915117CC7965007E85CE /* Roboto-Light.ttf */,
				24B4915217CC7965007E85CE /* Roboto-Medium.ttf */,
			);
			path = Fonts;
			sourceTree = "<group>";
		};
		24B4915617CC798E007E85CE /* Images */ = {
			isa = PBXGroup;
			children = (
				24D5DF5A17D26EA900E58793 /* Backgrounds */,
				24089C0A17CFAEE200FA9598 /* Launch Images */,
				24B4915717CC798E007E85CE /* App Icon */,
				24B4917517CC798E007E85CE /* defaultPictures */,
				24B4917817CC798E007E85CE /* icons */,
				24B4919417CC798E007E85CE /* scoreBoardNumbers */,
			);
			path = Images;
			sourceTree = "<group>";
		};
		24B4915717CC798E007E85CE /* App Icon */ = {
			isa = PBXGroup;
			children = (
				24B4915817CC798E007E85CE /* app_icon_7@2x.png */,
				24B4915917CC798E007E85CE /* icon.png */,
				24B4915A17CC798E007E85CE /* icon@2x.png */,
				24B4915B17CC798E007E85CE /* icon_spotlight.png */,
				24B4915C17CC798E007E85CE /* icon_spotlight@2x.png */,
				24B4915D17CC798E007E85CE /* icon_spotlight_7@2x.png */,
			);
			path = "App Icon";
			sourceTree = "<group>";
		};
		24B4917517CC798E007E85CE /* defaultPictures */ = {
			isa = PBXGroup;
			children = (
				24725FE417CD448F007DB005 /* default_picture_left.png */,
				24725FE517CD448F007DB005 /* default_picture_right.png */,
			);
			path = defaultPictures;
			sourceTree = "<group>";
		};
		24B4917817CC798E007E85CE /* icons */ = {
			isa = PBXGroup;
			children = (
				24D5DF6717D280D300E58793 /* win_icon.png */,
				248ED14617CEE67800CAE0C9 /* freshmen_roster_icon.png */,
				248ED14717CEE67800CAE0C9 /* freshmen_roster_icon@2x.png */,
				248ED14817CEE67800CAE0C9 /* freshmen_schedule_icon.png */,
				248ED14917CEE67800CAE0C9 /* freshmen_schedule_icon@2x.png */,
				248ED14A17CEE67800CAE0C9 /* jv_schedule_icon.png */,
				248ED14B17CEE67800CAE0C9 /* jv_schedule_icon@2x.png */,
				248ED14C17CEE67800CAE0C9 /* varsity_roster_icon.png */,
				248ED14D17CEE67800CAE0C9 /* varsity_roster_icon@2x.png */,
				248ED14E17CEE67800CAE0C9 /* varsity_schedule_icon.png */,
				248ED14F17CEE67800CAE0C9 /* varsity_schedule_icon@2x.png */,
				24813A2117CDB69800DAD46F /* gear_icon.png */,
				24813A2217CDB69800DAD46F /* gear_icon@2x.png */,
				24813A1D17CDB68D00DAD46F /* polaroid_icon.png */,
				24813A1E17CDB68D00DAD46F /* polaroid_icon@2x.png */,
				24813A1517CDB46300DAD46F /* clipboard_icon.png */,
				24813A1617CDB46300DAD46F /* clipboard_icon@2x.png */,
				24813A1117CDB39000DAD46F /* lock_icon.png */,
				24813A1217CDB39000DAD46F /* lock_icon@2x.png */,
				24813A0D17CDAEE500DAD46F /* menu_icon.png */,
				24813A0E17CDAEE500DAD46F /* menu_icon@2x.png */,
				24B4917917CC798E007E85CE /* away_icon.png */,
				24B4917A17CC798E007E85CE /* away_icon@2x.png */,
				24B4917B17CC798E007E85CE /* blank_icon.png */,
				24B4917C17CC798E007E85CE /* bug_icon.png */,
				24B4917D17CC798E007E85CE /* bug_icon@2x.png */,
				24B4917E17CC798E007E85CE /* bullhorn_icon.png */,
				24B4917F17CC798E007E85CE /* bullhorn_icon@2x.png */,
				24B4918017CC798E007E85CE /* calendar_icon.png */,
				24B4918117CC798E007E85CE /* calendar_icon@2x.png */,
				24B4918217CC798E007E85CE /* captain_icon.png */,
				24B4918317CC798E007E85CE /* clock_icon.png */,
				24B4918417CC798E007E85CE /* clock_icon@2x.png */,
				24B4918517CC798E007E85CE /* compass_icon.png */,
				24B4918617CC798E007E85CE /* compass_icon@2x.png */,
				24B4918717CC798E007E85CE /* envelope_icon.png */,
				24B4918817CC798E007E85CE /* envelope_icon@2x.png */,
				24B4918917CC798E007E85CE /* home_icon.png */,
				24B4918A17CC798E007E85CE /* home_icon@2x.png */,
				24B4918B17CC798E007E85CE /* letterWinner_icon.png */,
				24B4918C17CC798E007E85CE /* map_icon.png */,
				24B4918D17CC798E007E85CE /* map_icon@2x.png */,
				24B4918E17CC798E007E85CE /* signpost_icon.png */,
				24B4918F17CC798E007E85CE /* signpost_icon@2x.png */,
				24B4919217CC798E007E85CE /* twitter_icon.png */,
				24B4919317CC798E007E85CE /* twitter_icon@2x.png */,
			);
			path = icons;
			sourceTree = "<group>";
		};
		24B4919417CC798E007E85CE /* scoreBoardNumbers */ = {
			isa = PBXGroup;
			children = (
				24B4919517CC798E007E85CE /* scoreNumbers_0.png */,
				24B4919617CC798E007E85CE /* scoreNumbers_1.png */,
				24B4919717CC798E007E85CE /* scoreNumbers_2.png */,
				24B4919817CC798E007E85CE /* scoreNumbers_3.png */,
				24B4919917CC798E007E85CE /* scoreNumbers_4.png */,
				24B4919A17CC798E007E85CE /* scoreNumbers_5.png */,
				24B4919B17CC798E007E85CE /* scoreNumbers_6.png */,
				24B4919C17CC798E007E85CE /* scoreNumbers_7.png */,
				24B4919D17CC798E007E85CE /* scoreNumbers_8.png */,
				24B4919E17CC798E007E85CE /* scoreNumbers_9.png */,
			);
			path = scoreBoardNumbers;
			sourceTree = "<group>";
		};
		24D5DF5A17D26EA900E58793 /* Backgrounds */ = {
			isa = PBXGroup;
			children = (
				24E3908F17D28AC600F671D2 /* binding_dark.png */,
				24E3909017D28AC600F671D2 /* binding_dark@2x.png */,
				24D5DF5B17D26EA900E58793 /* grey_wash_wall.png */,
				24D5DF5C17D26EA900E58793 /* grey_wash_wall_@2X.png */,
			);
			path = Backgrounds;
			sourceTree = "<group>";
		};
/* End PBXGroup section */

/* Begin PBXNativeTarget section */
		2401EEA817CC0A1800C58BE5 /* OHSFootball */ = {
			isa = PBXNativeTarget;
			buildConfigurationList = 2401EECC17CC0A1800C58BE5 /* Build configuration list for PBXNativeTarget "OHSFootball" */;
			buildPhases = (
				2401EEA517CC0A1800C58BE5 /* Sources */,
				2401EEA617CC0A1800C58BE5 /* Frameworks */,
				2401EEA717CC0A1800C58BE5 /* Resources */,
			);
			buildRules = (
			);
			dependencies = (
			);
			name = OHSFootball;
			productName = OHSFootball;
			productReference = 2401EEA917CC0A1800C58BE5 /* OHSFootball.app */;
			productType = "com.apple.product-type.application";
		};
/* End PBXNativeTarget section */

/* Begin PBXProject section */
		2401EEA117CC0A1800C58BE5 /* Project object */ = {
			isa = PBXProject;
			attributes = {
				LastUpgradeCheck = 0460;
				ORGANIZATIONNAME = "Sam Gutentag";
				TargetAttributes = {
					2401EEA817CC0A1800C58BE5 = {
						DevelopmentTeam = 3H96HK637P;
					};
				};
			};
			buildConfigurationList = 2401EEA417CC0A1800C58BE5 /* Build configuration list for PBXProject "OHSFootball" */;
			compatibilityVersion = "Xcode 3.2";
			developmentRegion = English;
			hasScannedForEncodings = 0;
			knownRegions = (
				en,
			);
			mainGroup = 2401EEA017CC0A1800C58BE5;
			productRefGroup = 2401EEAA17CC0A1800C58BE5 /* Products */;
			projectDirPath = "";
			projectRoot = "";
			targets = (
				2401EEA817CC0A1800C58BE5 /* OHSFootball */,
			);
		};
/* End PBXProject section */

/* Begin PBXResourcesBuildPhase section */
		2401EEA717CC0A1800C58BE5 /* Resources */ = {
			isa = PBXResourcesBuildPhase;
			buildActionMask = 2147483647;
			files = (
				24B4915517CC7965007E85CE /* Roboto-Medium.ttf in Resources */,
				2401EEB717CC0A1800C58BE5 /* InfoPlist.strings in Resources */,
				24B491C417CC798E007E85CE /* captain_icon.png in Resources */,
				24B491BF17CC798E007E85CE /* bug_icon@2x.png in Resources */,
				24B491CB17CC798E007E85CE /* home_icon.png in Resources */,
				24B491BD17CC798E007E85CE /* blank_icon.png in Resources */,
				24B491C517CC798E007E85CE /* clock_icon.png in Resources */,
				24813A1817CDB46300DAD46F /* clipboard_icon@2x.png in Resources */,
				24B491D617CC798E007E85CE /* scoreNumbers_0.png in Resources */,
				24B491CE17CC798E007E85CE /* map_icon.png in Resources */,
				24B4915317CC7965007E85CE /* JerseyLetters.ttf in Resources */,
				24089C1017CFAEE200FA9598 /* Default@2x.png in Resources */,
				248ED15517CEE67800CAE0C9 /* jv_schedule_icon@2x.png in Resources */,
				248ED15417CEE67800CAE0C9 /* jv_schedule_icon.png in Resources */,
				24B4915417CC7965007E85CE /* Roboto-Light.ttf in Resources */,
				24B491BB17CC798E007E85CE /* away_icon.png in Resources */,
				24B491A317CC798E007E85CE /* icon_spotlight@2x.png in Resources */,
				248ED15217CEE67800CAE0C9 /* freshmen_schedule_icon.png in Resources */,
				24813A2317CDB69800DAD46F /* gear_icon.png in Resources */,
				24D5DF6817D280D300E58793 /* win_icon.png in Resources */,
				24B491A017CC798E007E85CE /* icon.png in Resources */,
				248ED15117CEE67800CAE0C9 /* freshmen_roster_icon@2x.png in Resources */,
				24B491C117CC798E007E85CE /* bullhorn_icon@2x.png in Resources */,
				24813A1F17CDB68D00DAD46F /* polaroid_icon.png in Resources */,
				24725FE317CD4204007DB005 /* team_info.plist in Resources */,
				248ED15917CEE67800CAE0C9 /* varsity_schedule_icon@2x.png in Resources */,
				24813A1317CDB39000DAD46F /* lock_icon.png in Resources */,
				24B491CD17CC798E007E85CE /* letterWinner_icon.png in Resources */,
				24B491C717CC798E007E85CE /* compass_icon.png in Resources */,
				24B491D117CC798E007E85CE /* signpost_icon@2x.png in Resources */,
				24B491D417CC798E007E85CE /* twitter_icon.png in Resources */,
				24B491D817CC798E007E85CE /* scoreNumbers_2.png in Resources */,
				24B491C217CC798E007E85CE /* calendar_icon.png in Resources */,
				24725FE717CD448F007DB005 /* default_picture_right.png in Resources */,
				24B491CC17CC798E007E85CE /* home_icon@2x.png in Resources */,
				24B491DF17CC798E007E85CE /* scoreNumbers_9.png in Resources */,
				24813A1717CDB46300DAD46F /* clipboard_icon.png in Resources */,
				24089C0E17CFAEE200FA9598 /* Default-568h@2x.png in Resources */,
				24B491DD17CC798E007E85CE /* scoreNumbers_7.png in Resources */,
				24B491D017CC798E007E85CE /* signpost_icon.png in Resources */,
				24089C0F17CFAEE200FA9598 /* Default.png in Resources */,
				24B4919F17CC798E007E85CE /* app_icon_7@2x.png in Resources */,
				24B491BC17CC798E007E85CE /* away_icon@2x.png in Resources */,
				24813A2017CDB68D00DAD46F /* polaroid_icon@2x.png in Resources */,
				24B491DE17CC798E007E85CE /* scoreNumbers_8.png in Resources */,
				24B491C617CC798E007E85CE /* clock_icon@2x.png in Resources */,
				24B491BE17CC798E007E85CE /* bug_icon.png in Resources */,
				24E3909217D28AC600F671D2 /* binding_dark@2x.png in Resources */,
				24D5DF6017D26EA900E58793 /* grey_wash_wall_@2X.png in Resources */,
				24B491DB17CC798E007E85CE /* scoreNumbers_5.png in Resources */,
				2401EEC617CC0A1800C58BE5 /* MainStoryboard.storyboard in Resources */,
				24B491C917CC798E007E85CE /* envelope_icon.png in Resources */,
				24B491CF17CC798E007E85CE /* map_icon@2x.png in Resources */,
				248ED15817CEE67800CAE0C9 /* varsity_schedule_icon.png in Resources */,
				24813A1017CDAEE500DAD46F /* menu_icon@2x.png in Resources */,
				24B491D517CC798E007E85CE /* twitter_icon@2x.png in Resources */,
				24B491A117CC798E007E85CE /* icon@2x.png in Resources */,
				24B491A417CC798E007E85CE /* icon_spotlight_7@2x.png in Resources */,
				24D5DF5F17D26EA900E58793 /* grey_wash_wall.png in Resources */,
				24B491D917CC798E007E85CE /* scoreNumbers_3.png in Resources */,
				24813A2417CDB69800DAD46F /* gear_icon@2x.png in Resources */,
				24B491DA17CC798E007E85CE /* scoreNumbers_4.png in Resources */,
				24725FE617CD448F007DB005 /* default_picture_left.png in Resources */,
				248ED15617CEE67800CAE0C9 /* varsity_roster_icon.png in Resources */,
				24B491D717CC798E007E85CE /* scoreNumbers_1.png in Resources */,
				24B491CA17CC798E007E85CE /* envelope_icon@2x.png in Resources */,
				24813A0F17CDAEE500DAD46F /* menu_icon.png in Resources */,
				24B491C317CC798E007E85CE /* calendar_icon@2x.png in Resources */,
				248ED15717CEE67800CAE0C9 /* varsity_roster_icon@2x.png in Resources */,
				24B491C817CC798E007E85CE /* compass_icon@2x.png in Resources */,
				248ED15317CEE67800CAE0C9 /* freshmen_schedule_icon@2x.png in Resources */,
				24B491DC17CC798E007E85CE /* scoreNumbers_6.png in Resources */,
				24E3909117D28AC600F671D2 /* binding_dark.png in Resources */,
				24B491A217CC798E007E85CE /* icon_spotlight.png in Resources */,
				24B491C017CC798E007E85CE /* bullhorn_icon.png in Resources */,
				24813A1417CDB39000DAD46F /* lock_icon@2x.png in Resources */,
				248ED15017CEE67800CAE0C9 /* freshmen_roster_icon.png in Resources */,
			);
			runOnlyForDeploymentPostprocessing = 0;
		};
/* End PBXResourcesBuildPhase section */

/* Begin PBXSourcesBuildPhase section */
		2401EEA517CC0A1800C58BE5 /* Sources */ = {
			isa = PBXSourcesBuildPhase;
			buildActionMask = 2147483647;
			files = (
				24B491E217CC7BA7007E85CE /* RosterViewController.m in Sources */,
				2401EEB917CC0A1800C58BE5 /* main.m in Sources */,
				2401EEBD17CC0A1800C58BE5 /* AppDelegate.m in Sources */,
				24813A2C17CDB94D00DAD46F /* SidebarViewController.m in Sources */,
				24B491E517CC7BC6007E85CE /* RosterCell.m in Sources */,
				24813A0417CDACEA00DAD46F /* MainViewController.m in Sources */,
				2401EEC917CC0A1800C58BE5 /* ViewController.m in Sources */,
				244AFC9B17CE50D200273EF6 /* ScheduleViewController.m in Sources */,
				2406875117D1A63F0028F8EA /* LogInViewController.m in Sources */,
				248ED15C17CEE89F00CAE0C9 /* SideBarCell.m in Sources */,
				244AFC9E17CE50E600273EF6 /* ScheduleCell.m in Sources */,
				24725FEA17CD4EAD007DB005 /* SWRevealViewController.m in Sources */,
			);
			runOnlyForDeploymentPostprocessing = 0;
		};
/* End PBXSourcesBuildPhase section */

/* Begin PBXVariantGroup section */
		2401EEB517CC0A1800C58BE5 /* InfoPlist.strings */ = {
			isa = PBXVariantGroup;
			children = (
				2401EEB617CC0A1800C58BE5 /* en */,
			);
			name = InfoPlist.strings;
			sourceTree = "<group>";
		};
		2401EEC417CC0A1800C58BE5 /* MainStoryboard.storyboard */ = {
			isa = PBXVariantGroup;
			children = (
				2401EEC517CC0A1800C58BE5 /* en */,
			);
			name = MainStoryboard.storyboard;
			sourceTree = "<group>";
		};
/* End PBXVariantGroup section */

/* Begin XCBuildConfiguration section */
		2401EECA17CC0A1800C58BE5 /* Debug */ = {
			isa = XCBuildConfiguration;
			buildSettings = {
				ALWAYS_SEARCH_USER_PATHS = NO;
				CLANG_CXX_LANGUAGE_STANDARD = "gnu++0x";
				CLANG_CXX_LIBRARY = "libc++";
				CLANG_ENABLE_OBJC_ARC = YES;
				CLANG_WARN_CONSTANT_CONVERSION = YES;
				CLANG_WARN_EMPTY_BODY = YES;
				CLANG_WARN_ENUM_CONVERSION = YES;
				CLANG_WARN_INT_CONVERSION = YES;
				CLANG_WARN__DUPLICATE_METHOD_MATCH = YES;
				"CODE_SIGN_IDENTITY[sdk=iphoneos*]" = "iPhone Developer";
				COPY_PHASE_STRIP = NO;
				GCC_C_LANGUAGE_STANDARD = gnu99;
				GCC_DYNAMIC_NO_PIC = NO;
				GCC_OPTIMIZATION_LEVEL = 0;
				GCC_PREPROCESSOR_DEFINITIONS = (
					"DEBUG=1",
					"$(inherited)",
				);
				GCC_SYMBOLS_PRIVATE_EXTERN = NO;
				GCC_WARN_ABOUT_RETURN_TYPE = YES;
				GCC_WARN_UNINITIALIZED_AUTOS = YES;
				GCC_WARN_UNUSED_VARIABLE = YES;
				IPHONEOS_DEPLOYMENT_TARGET = 6.1;
				ONLY_ACTIVE_ARCH = YES;
				SDKROOT = iphoneos;
			};
			name = Debug;
		};
		2401EECB17CC0A1800C58BE5 /* Release */ = {
			isa = XCBuildConfiguration;
			buildSettings = {
				ALWAYS_SEARCH_USER_PATHS = NO;
				CLANG_CXX_LANGUAGE_STANDARD = "gnu++0x";
				CLANG_CXX_LIBRARY = "libc++";
				CLANG_ENABLE_OBJC_ARC = YES;
				CLANG_WARN_CONSTANT_CONVERSION = YES;
				CLANG_WARN_EMPTY_BODY = YES;
				CLANG_WARN_ENUM_CONVERSION = YES;
				CLANG_WARN_INT_CONVERSION = YES;
				CLANG_WARN__DUPLICATE_METHOD_MATCH = YES;
				"CODE_SIGN_IDENTITY[sdk=iphoneos*]" = "iPhone Developer";
				COPY_PHASE_STRIP = YES;
				GCC_C_LANGUAGE_STANDARD = gnu99;
				GCC_WARN_ABOUT_RETURN_TYPE = YES;
				GCC_WARN_UNINITIALIZED_AUTOS = YES;
				GCC_WARN_UNUSED_VARIABLE = YES;
				IPHONEOS_DEPLOYMENT_TARGET = 6.1;
				OTHER_CFLAGS = "-DNS_BLOCK_ASSERTIONS=1";
				SDKROOT = iphoneos;
				VALIDATE_PRODUCT = YES;
			};
			name = Release;
		};
		2401EECD17CC0A1800C58BE5 /* Debug */ = {
			isa = XCBuildConfiguration;
			buildSettings = {
				CODE_SIGN_IDENTITY = "iPhone Developer";
				"CODE_SIGN_IDENTITY[sdk=iphoneos*]" = "iPhone Developer";
				FRAMEWORK_SEARCH_PATHS = (
					"$(inherited)",
					"\"$(SRCROOT)\"",
				);
				GCC_PRECOMPILE_PREFIX_HEADER = YES;
				GCC_PREFIX_HEADER = "OHSFootball/OHSFootball-Prefix.pch";
				INFOPLIST_FILE = "OHSFootball/OHSFootball-Info.plist";
				PRODUCT_NAME = "$(TARGET_NAME)";
				PROVISIONING_PROFILE = "";
				WRAPPER_EXTENSION = app;
			};
			name = Debug;
		};
		2401EECE17CC0A1800C58BE5 /* Release */ = {
			isa = XCBuildConfiguration;
			buildSettings = {
				CODE_SIGN_IDENTITY = "iPhone Developer";
				"CODE_SIGN_IDENTITY[sdk=iphoneos*]" = "iPhone Developer";
				FRAMEWORK_SEARCH_PATHS = (
					"$(inherited)",
					"\"$(SRCROOT)\"",
				);
				GCC_PRECOMPILE_PREFIX_HEADER = YES;
				GCC_PREFIX_HEADER = "OHSFootball/OHSFootball-Prefix.pch";
				INFOPLIST_FILE = "OHSFootball/OHSFootball-Info.plist";
				PRODUCT_NAME = "$(TARGET_NAME)";
				PROVISIONING_PROFILE = "";
				WRAPPER_EXTENSION = app;
			};
			name = Release;
		};
/* End XCBuildConfiguration section */

/* Begin XCConfigurationList section */
		2401EEA417CC0A1800C58BE5 /* Build configuration list for PBXProject "OHSFootball" */ = {
			isa = XCConfigurationList;
			buildConfigurations = (
				2401EECA17CC0A1800C58BE5 /* Debug */,
				2401EECB17CC0A1800C58BE5 /* Release */,
			);
			defaultConfigurationIsVisible = 0;
			defaultConfigurationName = Release;
		};
		2401EECC17CC0A1800C58BE5 /* Build configuration list for PBXNativeTarget "OHSFootball" */ = {
			isa = XCConfigurationList;
			buildConfigurations = (
				2401EECD17CC0A1800C58BE5 /* Debug */,
				2401EECE17CC0A1800C58BE5 /* Release */,
			);
			defaultConfigurationIsVisible = 0;
			defaultConfigurationName = Release;
		};
/* End XCConfigurationList section */
	};
	rootObject = 2401EEA117CC0A1800C58BE5 /* Project object */;
}
